
Microsoft Visual Studio Solution File, Format Version 12.00
# Visual Studio 14
VisualStudioVersion = 14.0.23107.0
MinimumVisualStudioVersion = 10.0.40219.1
Project("{FAE04EC0-301F-11D3-BF4B-00C04F79EFBC}") = "Web", "WeBowler\Web.csproj", "{4DBCDAE3-4741-4034-B57C-0594E7B50F8F}"
EndProject
Project("{FAE04EC0-301F-11D3-BF4B-00C04F79EFBC}") = "WeBowlerUnitTest", "WeBowlerUnitTest\WeBowlerUnitTest.csproj", "{D47FCA7D-877E-44E2-8A4D-C0EE068C865A}"
EndProject
Global
	GlobalSection(SolutionConfigurationPlatforms) = preSolution
		Debug|Any CPU = Debug|Any CPU
		Release|Any CPU = Release|Any CPU
	EndGlobalSection
	GlobalSection(ProjectConfigurationPlatforms) = postSolution
		{4DBCDAE3-4741-4034-B57C-0594E7B50F8F}.Debug|Any CPU.ActiveCfg = Debug|Any CPU
		{4DBCDAE3-4741-4034-B57C-0594E7B50F8F}.Debug|Any CPU.Build.0 = Debug|Any CPU
		{4DBCDAE3-4741-4034-B57C-0594E7B50F8F}.Release|Any CPU.ActiveCfg = Release|Any CPU
		{4DBCDAE3-4741-4034-B57C-0594E7B50F8F}.Release|Any CPU.Build.0 = Release|Any CPU
		{D47FCA7D-877E-44E2-8A4D-C0EE068C865A}.Debug|Any CPU.ActiveCfg = Debug|Any CPU
		{D47FCA7D-877E-44E2-8A4D-C0EE068C865A}.Debug|Any CPU.Build.0 = Debug|Any CPU
		{D47FCA7D-877E-44E2-8A4D-C0EE068C865A}.Release|Any CPU.ActiveCfg = Release|Any CPU
		{D47FCA7D-877E-44E2-8A4D-C0EE068C865A}.Release|Any CPU.Build.0 = Release|Any CPU
	EndGlobalSection
	GlobalSection(SolutionProperties) = preSolution
		HideSolutionNode = FALSE
	EndGlobalSection
EndGlobal
